// !$*UTF8*$!
{
	archiveVersion = 1;
	classes = {
	};
	objectVersion = 46;
	objects = {

/* Begin PBXBuildFile section */
		460D33911EA1641C0019A670 /* Pairs.swift in Sources */ = {isa = PBXBuildFile; fileRef = 460D33901EA1641C0019A670 /* Pairs.swift */; };
		460F80C01E5B4ABF00A23F6F /* Map.swift in Sources */ = {isa = PBXBuildFile; fileRef = 460F80BF1E5B4ABF00A23F6F /* Map.swift */; };
		460F80C41E5B4CAF00A23F6F /* Laser.swift in Sources */ = {isa = PBXBuildFile; fileRef = 460F80C31E5B4CAF00A23F6F /* Laser.swift */; };
		46266FE41E3C1B60000EA250 /* AppDelegate.swift in Sources */ = {isa = PBXBuildFile; fileRef = 46266FE31E3C1B60000EA250 /* AppDelegate.swift */; };
		46266FE61E3C1B60000EA250 /* ViewController.swift in Sources */ = {isa = PBXBuildFile; fileRef = 46266FE51E3C1B60000EA250 /* ViewController.swift */; };
		46266FE81E3C1B60000EA250 /* Assets.xcassets in Resources */ = {isa = PBXBuildFile; fileRef = 46266FE71E3C1B60000EA250 /* Assets.xcassets */; };
		46266FEB1E3C1B60000EA250 /* Main.storyboard in Resources */ = {isa = PBXBuildFile; fileRef = 46266FE91E3C1B60000EA250 /* Main.storyboard */; };
		46266FFB1E3C20D1000EA250 /* AppDelegate.swift in Sources */ = {isa = PBXBuildFile; fileRef = 46266FFA1E3C20D1000EA250 /* AppDelegate.swift */; };
		46266FFD1E3C20D1000EA250 /* ViewController.swift in Sources */ = {isa = PBXBuildFile; fileRef = 46266FFC1E3C20D1000EA250 /* ViewController.swift */; };
		462670001E3C20D1000EA250 /* Main.storyboard in Resources */ = {isa = PBXBuildFile; fileRef = 46266FFE1E3C20D1000EA250 /* Main.storyboard */; };
		462670021E3C20D1000EA250 /* Assets.xcassets in Resources */ = {isa = PBXBuildFile; fileRef = 462670011E3C20D1000EA250 /* Assets.xcassets */; };
		462670051E3C20D1000EA250 /* LaunchScreen.storyboard in Resources */ = {isa = PBXBuildFile; fileRef = 462670031E3C20D1000EA250 /* LaunchScreen.storyboard */; };
		4626700D1E3C2483000EA250 /* ArduinoController.swift in Sources */ = {isa = PBXBuildFile; fileRef = 4626700C1E3C2483000EA250 /* ArduinoController.swift */; };
		4628882F1E9B306E009908FF /* PoseRenderer.swift in Sources */ = {isa = PBXBuildFile; fileRef = 4628882E1E9B306E009908FF /* PoseRenderer.swift */; };
		462888341E9B33FD009908FF /* ParticleTypes.h in Headers */ = {isa = PBXBuildFile; fileRef = 462888331E9B33F8009908FF /* ParticleTypes.h */; settings = {ATTRIBUTES = (Public, ); }; };
		463221F91E555EEB008AF737 /* MapRenderer.swift in Sources */ = {isa = PBXBuildFile; fileRef = 463221F81E555EEB008AF737 /* MapRenderer.swift */; };
		463221FB1E5644E0008AF737 /* Pose.swift in Sources */ = {isa = PBXBuildFile; fileRef = 463221FA1E5644E0008AF737 /* Pose.swift */; };
		463221FD1E564DA5008AF737 /* Ring.swift in Sources */ = {isa = PBXBuildFile; fileRef = 463221FC1E564DA5008AF737 /* Ring.swift */; };
		463221FF1E569A7C008AF737 /* SquareMesh.swift in Sources */ = {isa = PBXBuildFile; fileRef = 463221FE1E569A7C008AF737 /* SquareMesh.swift */; };
		4633A92D1E52509200FE6BE5 /* MayAppCommon.h in Headers */ = {isa = PBXBuildFile; fileRef = 4633A92B1E52509200FE6BE5 /* MayAppCommon.h */; settings = {ATTRIBUTES = (Public, ); }; };
		4633A9311E5250A300FE6BE5 /* Odometry.swift in Sources */ = {isa = PBXBuildFile; fileRef = 13E9DA751E4F9189009F53C3 /* Odometry.swift */; };
		4633A9321E5250A300FE6BE5 /* LaserDistanceMesh.swift in Sources */ = {isa = PBXBuildFile; fileRef = 465235C01E46B9B600845931 /* LaserDistanceMesh.swift */; };
		4633A9331E5250A300FE6BE5 /* LaserDistanceRenderer.swift in Sources */ = {isa = PBXBuildFile; fileRef = 465235C41E47BC0100845931 /* LaserDistanceRenderer.swift */; };
		4633A9341E5250A300FE6BE5 /* Renderer.swift in Sources */ = {isa = PBXBuildFile; fileRef = 465235C61E47BDED00845931 /* Renderer.swift */; };
		4633A9351E5250A300FE6BE5 /* MathUtilities.swift in Sources */ = {isa = PBXBuildFile; fileRef = 46681C711E47DF860047F6A9 /* MathUtilities.swift */; };
		4633A9361E5250A300FE6BE5 /* Shaders.metal in Sources */ = {isa = PBXBuildFile; fileRef = 46BDDCEF1E47CAC200ACC8CC /* Shaders.metal */; };
		4633A9371E5250A300FE6BE5 /* Service.swift in Sources */ = {isa = PBXBuildFile; fileRef = 462670161E3F18FA000EA250 /* Service.swift */; };
		4633A9381E5250A300FE6BE5 /* Peer.swift in Sources */ = {isa = PBXBuildFile; fileRef = 46266FF21E3C1EA1000EA250 /* Peer.swift */; };
		4633A9391E5250A300FE6BE5 /* Messages.swift in Sources */ = {isa = PBXBuildFile; fileRef = 462670101E3F0512000EA250 /* Messages.swift */; };
		4633A93A1E5250A300FE6BE5 /* Serialization.swift in Sources */ = {isa = PBXBuildFile; fileRef = 462670121E3F0570000EA250 /* Serialization.swift */; };
		4633A93B1E5250E600FE6BE5 /* MayAppCommon.framework in Frameworks */ = {isa = PBXBuildFile; fileRef = 4633A9291E52509100FE6BE5 /* MayAppCommon.framework */; };
		46357E1F1E96AE8500DBEE17 /* CGPoint+KDTreePoint.swift in Sources */ = {isa = PBXBuildFile; fileRef = 46357E181E96AE8500DBEE17 /* CGPoint+KDTreePoint.swift */; };
		46357E201E96AE8500DBEE17 /* KDTree.swift in Sources */ = {isa = PBXBuildFile; fileRef = 46357E191E96AE8500DBEE17 /* KDTree.swift */; };
		46357E211E96AE8500DBEE17 /* KDTree+CustomStringConvertible.swift in Sources */ = {isa = PBXBuildFile; fileRef = 46357E1A1E96AE8500DBEE17 /* KDTree+CustomStringConvertible.swift */; };
		46357E221E96AE8500DBEE17 /* KDTree+Equatable.swift in Sources */ = {isa = PBXBuildFile; fileRef = 46357E1B1E96AE8500DBEE17 /* KDTree+Equatable.swift */; };
		46357E231E96AE8500DBEE17 /* KDTree+NearestNeighbour.swift in Sources */ = {isa = PBXBuildFile; fileRef = 46357E1C1E96AE8500DBEE17 /* KDTree+NearestNeighbour.swift */; };
		46357E241E96AE8500DBEE17 /* KDTree+RangeSearch.swift in Sources */ = {isa = PBXBuildFile; fileRef = 46357E1D1E96AE8500DBEE17 /* KDTree+RangeSearch.swift */; };
		46357E251E96AE8500DBEE17 /* KDTreePoint.swift in Sources */ = {isa = PBXBuildFile; fileRef = 46357E1E1E96AE8500DBEE17 /* KDTreePoint.swift */; };
		463D02741E4463F700D86A6A /* liburg_c.a in Frameworks */ = {isa = PBXBuildFile; fileRef = 463D02691E4463F700D86A6A /* liburg_c.a */; };
		463E721B1E98001A00C1ECE6 /* Matrix.swift in Sources */ = {isa = PBXBuildFile; fileRef = 463E721A1E98001A00C1ECE6 /* Matrix.swift */; };
		463E721F1E98002D00C1ECE6 /* LinearAlgebra.swift in Sources */ = {isa = PBXBuildFile; fileRef = 463E721E1E98002D00C1ECE6 /* LinearAlgebra.swift */; };
		464313101E898E460048FDB4 /* Compression.swift in Sources */ = {isa = PBXBuildFile; fileRef = 4643130F1E898E460048FDB4 /* Compression.swift */; };
		464F28D61E916E2800CA197B /* VectorMapRenderer.swift in Sources */ = {isa = PBXBuildFile; fileRef = 464F28D51E916E2800CA197B /* VectorMapRenderer.swift */; };
		464F28DB1E916F1400CA197B /* VectorMapTypes.h in Headers */ = {isa = PBXBuildFile; fileRef = 464F28DA1E916E9800CA197B /* VectorMapTypes.h */; settings = {ATTRIBUTES = (Public, ); }; };
		464F28DD1E9179D100CA197B /* VectorMapShaders.metal in Sources */ = {isa = PBXBuildFile; fileRef = 464F28DC1E9179D100CA197B /* VectorMapShaders.metal */; };
		46657B0A1E858110006E14C7 /* CameraController.swift in Sources */ = {isa = PBXBuildFile; fileRef = 46657B091E858110006E14C7 /* CameraController.swift */; };
		46681C7A1E47E8500047F6A9 /* LaserController.swift in Sources */ = {isa = PBXBuildFile; fileRef = 46681C791E47E8500047F6A9 /* LaserController.swift */; };
		46781AF91E91F5D600A87B6A /* CurvatureUniforms.h in Headers */ = {isa = PBXBuildFile; fileRef = 46D440E71E8B00DD004B96DF /* CurvatureUniforms.h */; settings = {ATTRIBUTES = (Public, ); }; };
		46959D3B1E92C33900D7A5F8 /* TypedMetalBuffer.swift in Sources */ = {isa = PBXBuildFile; fileRef = 46959D3A1E92C33900D7A5F8 /* TypedMetalBuffer.swift */; };
		469A7FCC1E4A4C4900CC0E69 /* PolarInputView.swift in Sources */ = {isa = PBXBuildFile; fileRef = 469A7FCB1E4A4C4900CC0E69 /* PolarInputView.swift */; };
		46BFD52C1E89DB4C00E0C9FB /* ParticleShaders.metal in Sources */ = {isa = PBXBuildFile; fileRef = 46BFD52B1E89DB4C00E0C9FB /* ParticleShaders.metal */; };
		46C0338C1E8F441D0043BD30 /* LaserDistanceShaders.metal in Sources */ = {isa = PBXBuildFile; fileRef = 46C0338B1E8F441D0043BD30 /* LaserDistanceShaders.metal */; };
		46D440E11E8AF687004B96DF /* CurvatureRenderer.swift in Sources */ = {isa = PBXBuildFile; fileRef = 46D440E01E8AF687004B96DF /* CurvatureRenderer.swift */; };
		46D440E51E8AF6B6004B96DF /* CurvatureShaders.metal in Sources */ = {isa = PBXBuildFile; fileRef = 46D440E41E8AF6B6004B96DF /* CurvatureShaders.metal */; };
		46DDED4D1E4183130023B789 /* ORSSerial.framework in Frameworks */ = {isa = PBXBuildFile; fileRef = 46DDED4A1E4182FC0023B789 /* ORSSerial.framework */; };
		46E20E3F1E91EA5700D67735 /* SectorIndices.swift in Sources */ = {isa = PBXBuildFile; fileRef = 46E20E3E1E91EA5700D67735 /* SectorIndices.swift */; };
		46FC43B91E934E4700C84B38 /* VectorMapTypes.swift in Sources */ = {isa = PBXBuildFile; fileRef = 46FC43B81E934E4700C84B38 /* VectorMapTypes.swift */; };
		A4494EA31E7995C100734288 /* libfreenect_sync.a in Frameworks */ = {isa = PBXBuildFile; fileRef = A4494E9F1E7995C100734288 /* libfreenect_sync.a */; };
		A4494EA41E7995C100734288 /* libfreenect.a in Frameworks */ = {isa = PBXBuildFile; fileRef = A4494EA11E7995C100734288 /* libfreenect.a */; };
		A4494EA61E799EFE00734288 /* libusb-1.0.a in Frameworks */ = {isa = PBXBuildFile; fileRef = A4494EA51E799EFE00734288 /* libusb-1.0.a */; };
		A46DACEC1E848A0E00327E3F /* CameraRenderer.swift in Sources */ = {isa = PBXBuildFile; fileRef = A46DACE31E847A9200327E3F /* CameraRenderer.swift */; };
		A46DACED1E848A9D00327E3F /* Camera.swift in Sources */ = {isa = PBXBuildFile; fileRef = A46DACE71E847B9100327E3F /* Camera.swift */; };
		A46EDC4A1E89CAFE002C2FCE /* PointCloudRenderer.swift in Sources */ = {isa = PBXBuildFile; fileRef = A40E39E61E8954BA002C143E /* PointCloudRenderer.swift */; };
		CE398E851E52925B00500A21 /* OdometryMesh.swift in Sources */ = {isa = PBXBuildFile; fileRef = CE398E841E52925B00500A21 /* OdometryMesh.swift */; };
		CE398E871E5294BE00500A21 /* OdometryRenderer.swift in Sources */ = {isa = PBXBuildFile; fileRef = CE398E861E5294BE00500A21 /* OdometryRenderer.swift */; };
		CE398E881E52A06600500A21 /* MayAppCommon.framework in Frameworks */ = {isa = PBXBuildFile; fileRef = 4633A9291E52509100FE6BE5 /* MayAppCommon.framework */; };
		CE398E891E52A06600500A21 /* MayAppCommon.framework in Embed Frameworks */ = {isa = PBXBuildFile; fileRef = 4633A9291E52509100FE6BE5 /* MayAppCommon.framework */; settings = {ATTRIBUTES = (CodeSignOnCopy, RemoveHeadersOnCopy, ); }; };
		CE398E951E593BC000500A21 /* ParticleRenderer.swift in Sources */ = {isa = PBXBuildFile; fileRef = CE398E941E593BC000500A21 /* ParticleRenderer.swift */; };
		CECD9DA61E6E66B900BDB3E3 /* IsoscelesTriangleMesh.swift in Sources */ = {isa = PBXBuildFile; fileRef = CECD9DA51E6E66B900BDB3E3 /* IsoscelesTriangleMesh.swift */; };
/* End PBXBuildFile section */

/* Begin PBXContainerItemProxy section */
		46DDED491E4182FC0023B789 /* PBXContainerItemProxy */ = {
			isa = PBXContainerItemProxy;
			containerPortal = 46DDED441E4182FC0023B789 /* ORSSerialPort.xcodeproj */;
			proxyType = 2;
			remoteGlobalIDString = 9DCA89121A2BB106009285EB;
			remoteInfo = ORSSerial;
		};
		46DDED4B1E4182FC0023B789 /* PBXContainerItemProxy */ = {
			isa = PBXContainerItemProxy;
			containerPortal = 46DDED441E4182FC0023B789 /* ORSSerialPort.xcodeproj */;
			proxyType = 2;
			remoteGlobalIDString = 9D7472131B6D7767002D8B10;
			remoteInfo = "ORSSerialPort Tests";
		};
		CE398E8A1E52A06600500A21 /* PBXContainerItemProxy */ = {
			isa = PBXContainerItemProxy;
			containerPortal = 46266FD81E3C1B60000EA250 /* Project object */;
			proxyType = 1;
			remoteGlobalIDString = 4633A9281E52509100FE6BE5;
			remoteInfo = MayAppCommon;
		};
/* End PBXContainerItemProxy section */

/* Begin PBXCopyFilesBuildPhase section */
		CE398E8C1E52A06600500A21 /* Embed Frameworks */ = {
			isa = PBXCopyFilesBuildPhase;
			buildActionMask = 2147483647;
			dstPath = "";
			dstSubfolderSpec = 10;
			files = (
				CE398E891E52A06600500A21 /* MayAppCommon.framework in Embed Frameworks */,
			);
			name = "Embed Frameworks";
			runOnlyForDeploymentPostprocessing = 0;
		};
/* End PBXCopyFilesBuildPhase section */

/* Begin PBXFileReference section */
		1311EE0E1E6E0C720025FE45 /* aStarPathfinding.swift */ = {isa = PBXFileReference; fileEncoding = 4; lastKnownFileType = sourcecode.swift; path = aStarPathfinding.swift; sourceTree = "<group>"; };
		1311EE0F1E6E0C720025FE45 /* PathFinding.swift */ = {isa = PBXFileReference; fileEncoding = 4; lastKnownFileType = sourcecode.swift; path = PathFinding.swift; sourceTree = "<group>"; };
		1311EE101E6E0C720025FE45 /* SwiftPriorityQueue.swift */ = {isa = PBXFileReference; fileEncoding = 4; lastKnownFileType = sourcecode.swift; path = SwiftPriorityQueue.swift; sourceTree = "<group>"; };
		1311EE111E6E0C720025FE45 /* A_star.metal */ = {isa = PBXFileReference; fileEncoding = 4; lastKnownFileType = sourcecode.metal; path = A_star.metal; sourceTree = "<group>"; };
		13E9DA751E4F9189009F53C3 /* Odometry.swift */ = {isa = PBXFileReference; fileEncoding = 4; lastKnownFileType = sourcecode.swift; path = Odometry.swift; sourceTree = "<group>"; };
		460D33901EA1641C0019A670 /* Pairs.swift */ = {isa = PBXFileReference; fileEncoding = 4; lastKnownFileType = sourcecode.swift; path = Pairs.swift; sourceTree = "<group>"; };
		460F80BF1E5B4ABF00A23F6F /* Map.swift */ = {isa = PBXFileReference; fileEncoding = 4; lastKnownFileType = sourcecode.swift; path = Map.swift; sourceTree = "<group>"; };
		460F80C31E5B4CAF00A23F6F /* Laser.swift */ = {isa = PBXFileReference; fileEncoding = 4; lastKnownFileType = sourcecode.swift; path = Laser.swift; sourceTree = "<group>"; };
		46266FE01E3C1B60000EA250 /* MayApp-macOS.app */ = {isa = PBXFileReference; explicitFileType = wrapper.application; includeInIndex = 0; path = "MayApp-macOS.app"; sourceTree = BUILT_PRODUCTS_DIR; };
		46266FE31E3C1B60000EA250 /* AppDelegate.swift */ = {isa = PBXFileReference; lastKnownFileType = sourcecode.swift; path = AppDelegate.swift; sourceTree = "<group>"; };
		46266FE51E3C1B60000EA250 /* ViewController.swift */ = {isa = PBXFileReference; lastKnownFileType = sourcecode.swift; path = ViewController.swift; sourceTree = "<group>"; };
		46266FE71E3C1B60000EA250 /* Assets.xcassets */ = {isa = PBXFileReference; lastKnownFileType = folder.assetcatalog; path = Assets.xcassets; sourceTree = "<group>"; };
		46266FEA1E3C1B60000EA250 /* Base */ = {isa = PBXFileReference; lastKnownFileType = file.storyboard; name = Base; path = Base.lproj/Main.storyboard; sourceTree = "<group>"; };
		46266FEC1E3C1B60000EA250 /* Info.plist */ = {isa = PBXFileReference; lastKnownFileType = text.plist.xml; path = Info.plist; sourceTree = "<group>"; };
		46266FF21E3C1EA1000EA250 /* Peer.swift */ = {isa = PBXFileReference; fileEncoding = 4; lastKnownFileType = sourcecode.swift; path = Peer.swift; sourceTree = "<group>"; };
		46266FF81E3C20D1000EA250 /* MayApp-iOS.app */ = {isa = PBXFileReference; explicitFileType = wrapper.application; includeInIndex = 0; path = "MayApp-iOS.app"; sourceTree = BUILT_PRODUCTS_DIR; };
		46266FFA1E3C20D1000EA250 /* AppDelegate.swift */ = {isa = PBXFileReference; lastKnownFileType = sourcecode.swift; path = AppDelegate.swift; sourceTree = "<group>"; };
		46266FFC1E3C20D1000EA250 /* ViewController.swift */ = {isa = PBXFileReference; lastKnownFileType = sourcecode.swift; path = ViewController.swift; sourceTree = "<group>"; };
		46266FFF1E3C20D1000EA250 /* Base */ = {isa = PBXFileReference; lastKnownFileType = file.storyboard; name = Base; path = Base.lproj/Main.storyboard; sourceTree = "<group>"; };
		462670011E3C20D1000EA250 /* Assets.xcassets */ = {isa = PBXFileReference; lastKnownFileType = folder.assetcatalog; path = Assets.xcassets; sourceTree = "<group>"; };
		462670041E3C20D1000EA250 /* Base */ = {isa = PBXFileReference; lastKnownFileType = file.storyboard; name = Base; path = Base.lproj/LaunchScreen.storyboard; sourceTree = "<group>"; };
		462670061E3C20D1000EA250 /* Info.plist */ = {isa = PBXFileReference; lastKnownFileType = text.plist.xml; path = Info.plist; sourceTree = "<group>"; };
		4626700C1E3C2483000EA250 /* ArduinoController.swift */ = {isa = PBXFileReference; fileEncoding = 4; lastKnownFileType = sourcecode.swift; path = ArduinoController.swift; sourceTree = "<group>"; };
		462670101E3F0512000EA250 /* Messages.swift */ = {isa = PBXFileReference; fileEncoding = 4; lastKnownFileType = sourcecode.swift; path = Messages.swift; sourceTree = "<group>"; };
		462670121E3F0570000EA250 /* Serialization.swift */ = {isa = PBXFileReference; fileEncoding = 4; lastKnownFileType = sourcecode.swift; path = Serialization.swift; sourceTree = "<group>"; };
		462670161E3F18FA000EA250 /* Service.swift */ = {isa = PBXFileReference; fileEncoding = 4; lastKnownFileType = sourcecode.swift; path = Service.swift; sourceTree = "<group>"; };
		4628882E1E9B306E009908FF /* PoseRenderer.swift */ = {isa = PBXFileReference; fileEncoding = 4; lastKnownFileType = sourcecode.swift; path = PoseRenderer.swift; sourceTree = "<group>"; };
		462888331E9B33F8009908FF /* ParticleTypes.h */ = {isa = PBXFileReference; lastKnownFileType = sourcecode.c.h; path = ParticleTypes.h; sourceTree = "<group>"; };
		463221F81E555EEB008AF737 /* MapRenderer.swift */ = {isa = PBXFileReference; fileEncoding = 4; lastKnownFileType = sourcecode.swift; path = MapRenderer.swift; sourceTree = "<group>"; };
		463221FA1E5644E0008AF737 /* Pose.swift */ = {isa = PBXFileReference; fileEncoding = 4; lastKnownFileType = sourcecode.swift; path = Pose.swift; sourceTree = "<group>"; };
		463221FC1E564DA5008AF737 /* Ring.swift */ = {isa = PBXFileReference; fileEncoding = 4; lastKnownFileType = sourcecode.swift; path = Ring.swift; sourceTree = "<group>"; };
		463221FE1E569A7C008AF737 /* SquareMesh.swift */ = {isa = PBXFileReference; fileEncoding = 4; lastKnownFileType = sourcecode.swift; path = SquareMesh.swift; sourceTree = "<group>"; };
		4633A9291E52509100FE6BE5 /* MayAppCommon.framework */ = {isa = PBXFileReference; explicitFileType = wrapper.framework; includeInIndex = 0; path = MayAppCommon.framework; sourceTree = BUILT_PRODUCTS_DIR; };
		4633A92B1E52509200FE6BE5 /* MayAppCommon.h */ = {isa = PBXFileReference; lastKnownFileType = sourcecode.c.h; name = MayAppCommon.h; path = MayAppCommon/MayAppCommon.h; sourceTree = SOURCE_ROOT; };
		4633A92C1E52509200FE6BE5 /* Info.plist */ = {isa = PBXFileReference; lastKnownFileType = text.plist.xml; name = Info.plist; path = MayAppCommon/Info.plist; sourceTree = SOURCE_ROOT; };
		46357E181E96AE8500DBEE17 /* CGPoint+KDTreePoint.swift */ = {isa = PBXFileReference; fileEncoding = 4; lastKnownFileType = sourcecode.swift; path = "CGPoint+KDTreePoint.swift"; sourceTree = "<group>"; };
		46357E191E96AE8500DBEE17 /* KDTree.swift */ = {isa = PBXFileReference; fileEncoding = 4; lastKnownFileType = sourcecode.swift; path = KDTree.swift; sourceTree = "<group>"; };
		46357E1A1E96AE8500DBEE17 /* KDTree+CustomStringConvertible.swift */ = {isa = PBXFileReference; fileEncoding = 4; lastKnownFileType = sourcecode.swift; path = "KDTree+CustomStringConvertible.swift"; sourceTree = "<group>"; };
		46357E1B1E96AE8500DBEE17 /* KDTree+Equatable.swift */ = {isa = PBXFileReference; fileEncoding = 4; lastKnownFileType = sourcecode.swift; path = "KDTree+Equatable.swift"; sourceTree = "<group>"; };
		46357E1C1E96AE8500DBEE17 /* KDTree+NearestNeighbour.swift */ = {isa = PBXFileReference; fileEncoding = 4; lastKnownFileType = sourcecode.swift; path = "KDTree+NearestNeighbour.swift"; sourceTree = "<group>"; };
		46357E1D1E96AE8500DBEE17 /* KDTree+RangeSearch.swift */ = {isa = PBXFileReference; fileEncoding = 4; lastKnownFileType = sourcecode.swift; path = "KDTree+RangeSearch.swift"; sourceTree = "<group>"; };
		46357E1E1E96AE8500DBEE17 /* KDTreePoint.swift */ = {isa = PBXFileReference; fileEncoding = 4; lastKnownFileType = sourcecode.swift; path = KDTreePoint.swift; sourceTree = "<group>"; };
		463D02661E4457E100D86A6A /* MayApp_macOS-Bridging-Header.h */ = {isa = PBXFileReference; lastKnownFileType = sourcecode.c.h; path = "MayApp_macOS-Bridging-Header.h"; sourceTree = "<group>"; };
		463D02691E4463F700D86A6A /* liburg_c.a */ = {isa = PBXFileReference; lastKnownFileType = archive.ar; name = liburg_c.a; path = "Frameworks/urg_library-1.2.0/liburg_c.a"; sourceTree = SOURCE_ROOT; };
		463D026A1E4463F700D86A6A /* urg_connection.h */ = {isa = PBXFileReference; fileEncoding = 4; lastKnownFileType = sourcecode.c.h; name = urg_connection.h; path = "Frameworks/urg_library-1.2.0/urg_connection.h"; sourceTree = SOURCE_ROOT; };
		463D026B1E4463F700D86A6A /* urg_debug.h */ = {isa = PBXFileReference; fileEncoding = 4; lastKnownFileType = sourcecode.c.h; name = urg_debug.h; path = "Frameworks/urg_library-1.2.0/urg_debug.h"; sourceTree = SOURCE_ROOT; };
		463D026C1E4463F700D86A6A /* urg_detect_os.h */ = {isa = PBXFileReference; fileEncoding = 4; lastKnownFileType = sourcecode.c.h; name = urg_detect_os.h; path = "Frameworks/urg_library-1.2.0/urg_detect_os.h"; sourceTree = SOURCE_ROOT; };
		463D026D1E4463F700D86A6A /* urg_errno.h */ = {isa = PBXFileReference; fileEncoding = 4; lastKnownFileType = sourcecode.c.h; name = urg_errno.h; path = "Frameworks/urg_library-1.2.0/urg_errno.h"; sourceTree = SOURCE_ROOT; };
		463D026E1E4463F700D86A6A /* urg_ring_buffer.h */ = {isa = PBXFileReference; fileEncoding = 4; lastKnownFileType = sourcecode.c.h; name = urg_ring_buffer.h; path = "Frameworks/urg_library-1.2.0/urg_ring_buffer.h"; sourceTree = SOURCE_ROOT; };
		463D026F1E4463F700D86A6A /* urg_sensor.h */ = {isa = PBXFileReference; fileEncoding = 4; lastKnownFileType = sourcecode.c.h; name = urg_sensor.h; path = "Frameworks/urg_library-1.2.0/urg_sensor.h"; sourceTree = SOURCE_ROOT; };
		463D02701E4463F700D86A6A /* urg_serial_utils.h */ = {isa = PBXFileReference; fileEncoding = 4; lastKnownFileType = sourcecode.c.h; name = urg_serial_utils.h; path = "Frameworks/urg_library-1.2.0/urg_serial_utils.h"; sourceTree = SOURCE_ROOT; };
		463D02711E4463F700D86A6A /* urg_serial.h */ = {isa = PBXFileReference; fileEncoding = 4; lastKnownFileType = sourcecode.c.h; name = urg_serial.h; path = "Frameworks/urg_library-1.2.0/urg_serial.h"; sourceTree = SOURCE_ROOT; };
		463D02721E4463F700D86A6A /* urg_tcpclient.h */ = {isa = PBXFileReference; fileEncoding = 4; lastKnownFileType = sourcecode.c.h; name = urg_tcpclient.h; path = "Frameworks/urg_library-1.2.0/urg_tcpclient.h"; sourceTree = SOURCE_ROOT; };
		463D02731E4463F700D86A6A /* urg_utils.h */ = {isa = PBXFileReference; fileEncoding = 4; lastKnownFileType = sourcecode.c.h; name = urg_utils.h; path = "Frameworks/urg_library-1.2.0/urg_utils.h"; sourceTree = SOURCE_ROOT; };
		463E721A1E98001A00C1ECE6 /* Matrix.swift */ = {isa = PBXFileReference; fileEncoding = 4; lastKnownFileType = sourcecode.swift; path = Matrix.swift; sourceTree = "<group>"; };
		463E721E1E98002D00C1ECE6 /* LinearAlgebra.swift */ = {isa = PBXFileReference; fileEncoding = 4; lastKnownFileType = sourcecode.swift; path = LinearAlgebra.swift; sourceTree = "<group>"; };
		4643130F1E898E460048FDB4 /* Compression.swift */ = {isa = PBXFileReference; fileEncoding = 4; lastKnownFileType = sourcecode.swift; path = Compression.swift; sourceTree = "<group>"; };
		464F28D51E916E2800CA197B /* VectorMapRenderer.swift */ = {isa = PBXFileReference; fileEncoding = 4; lastKnownFileType = sourcecode.swift; path = VectorMapRenderer.swift; sourceTree = "<group>"; };
		464F28DA1E916E9800CA197B /* VectorMapTypes.h */ = {isa = PBXFileReference; lastKnownFileType = sourcecode.c.h; path = VectorMapTypes.h; sourceTree = "<group>"; };
		464F28DC1E9179D100CA197B /* VectorMapShaders.metal */ = {isa = PBXFileReference; fileEncoding = 4; lastKnownFileType = sourcecode.metal; path = VectorMapShaders.metal; sourceTree = "<group>"; };
		465235C01E46B9B600845931 /* LaserDistanceMesh.swift */ = {isa = PBXFileReference; fileEncoding = 4; lastKnownFileType = sourcecode.swift; path = LaserDistanceMesh.swift; sourceTree = "<group>"; };
		465235C41E47BC0100845931 /* LaserDistanceRenderer.swift */ = {isa = PBXFileReference; fileEncoding = 4; lastKnownFileType = sourcecode.swift; path = LaserDistanceRenderer.swift; sourceTree = "<group>"; };
		465235C61E47BDED00845931 /* Renderer.swift */ = {isa = PBXFileReference; fileEncoding = 4; lastKnownFileType = sourcecode.swift; path = Renderer.swift; sourceTree = "<group>"; };
		46657B091E858110006E14C7 /* CameraController.swift */ = {isa = PBXFileReference; fileEncoding = 4; lastKnownFileType = sourcecode.swift; path = CameraController.swift; sourceTree = "<group>"; };
		46681C711E47DF860047F6A9 /* MathUtilities.swift */ = {isa = PBXFileReference; fileEncoding = 4; lastKnownFileType = sourcecode.swift; path = MathUtilities.swift; sourceTree = "<group>"; };
		46681C791E47E8500047F6A9 /* LaserController.swift */ = {isa = PBXFileReference; fileEncoding = 4; lastKnownFileType = sourcecode.swift; path = LaserController.swift; sourceTree = "<group>"; };
		46959D3A1E92C33900D7A5F8 /* TypedMetalBuffer.swift */ = {isa = PBXFileReference; fileEncoding = 4; lastKnownFileType = sourcecode.swift; path = TypedMetalBuffer.swift; sourceTree = "<group>"; };
		469A7FCB1E4A4C4900CC0E69 /* PolarInputView.swift */ = {isa = PBXFileReference; fileEncoding = 4; lastKnownFileType = sourcecode.swift; path = PolarInputView.swift; sourceTree = "<group>"; };
		46BDDCEF1E47CAC200ACC8CC /* Shaders.metal */ = {isa = PBXFileReference; fileEncoding = 4; lastKnownFileType = sourcecode.metal; path = Shaders.metal; sourceTree = "<group>"; };
		46BFD52B1E89DB4C00E0C9FB /* ParticleShaders.metal */ = {isa = PBXFileReference; fileEncoding = 4; lastKnownFileType = sourcecode.metal; path = ParticleShaders.metal; sourceTree = "<group>"; };
		46BFD52F1E89E0EE00E0C9FB /* ShaderTypes.h */ = {isa = PBXFileReference; lastKnownFileType = sourcecode.c.h; path = ShaderTypes.h; sourceTree = "<group>"; };
		46C0338B1E8F441D0043BD30 /* LaserDistanceShaders.metal */ = {isa = PBXFileReference; fileEncoding = 4; lastKnownFileType = sourcecode.metal; path = LaserDistanceShaders.metal; sourceTree = "<group>"; };
		46D440E01E8AF687004B96DF /* CurvatureRenderer.swift */ = {isa = PBXFileReference; fileEncoding = 4; lastKnownFileType = sourcecode.swift; path = CurvatureRenderer.swift; sourceTree = "<group>"; };
		46D440E41E8AF6B6004B96DF /* CurvatureShaders.metal */ = {isa = PBXFileReference; fileEncoding = 4; lastKnownFileType = sourcecode.metal; path = CurvatureShaders.metal; sourceTree = "<group>"; };
		46D440E71E8B00DD004B96DF /* CurvatureUniforms.h */ = {isa = PBXFileReference; lastKnownFileType = sourcecode.c.h; path = CurvatureUniforms.h; sourceTree = "<group>"; };
		46DDED441E4182FC0023B789 /* ORSSerialPort.xcodeproj */ = {isa = PBXFileReference; lastKnownFileType = "wrapper.pb-project"; name = ORSSerialPort.xcodeproj; path = "Frameworks/ORSSerialPort/Framework Project/ORSSerialPort.xcodeproj"; sourceTree = "<group>"; };
		46E20E3E1E91EA5700D67735 /* SectorIndices.swift */ = {isa = PBXFileReference; fileEncoding = 4; lastKnownFileType = sourcecode.swift; path = SectorIndices.swift; sourceTree = "<group>"; };
		46FC43B81E934E4700C84B38 /* VectorMapTypes.swift */ = {isa = PBXFileReference; fileEncoding = 4; lastKnownFileType = sourcecode.swift; path = VectorMapTypes.swift; sourceTree = "<group>"; };
		A40E39E61E8954BA002C143E /* PointCloudRenderer.swift */ = {isa = PBXFileReference; fileEncoding = 4; lastKnownFileType = sourcecode.swift; path = PointCloudRenderer.swift; sourceTree = "<group>"; };
		A4494E9F1E7995C100734288 /* libfreenect_sync.a */ = {isa = PBXFileReference; lastKnownFileType = archive.ar; name = libfreenect_sync.a; path = "Frameworks/urg_library-1.2.0/libfreenect_sync.a"; sourceTree = "<group>"; };
		A4494EA01E7995C100734288 /* libfreenect_sync.h */ = {isa = PBXFileReference; fileEncoding = 4; lastKnownFileType = sourcecode.c.h; name = libfreenect_sync.h; path = "Frameworks/urg_library-1.2.0/libfreenect_sync.h"; sourceTree = "<group>"; };
		A4494EA11E7995C100734288 /* libfreenect.a */ = {isa = PBXFileReference; lastKnownFileType = archive.ar; name = libfreenect.a; path = "Frameworks/urg_library-1.2.0/libfreenect.a"; sourceTree = "<group>"; };
		A4494EA21E7995C100734288 /* libfreenect.h */ = {isa = PBXFileReference; fileEncoding = 4; lastKnownFileType = sourcecode.c.h; name = libfreenect.h; path = "Frameworks/urg_library-1.2.0/libfreenect.h"; sourceTree = "<group>"; };
		A4494EA51E799EFE00734288 /* libusb-1.0.a */ = {isa = PBXFileReference; lastKnownFileType = archive.ar; path = "libusb-1.0.a"; sourceTree = "<group>"; };
		A46DACE31E847A9200327E3F /* CameraRenderer.swift */ = {isa = PBXFileReference; fileEncoding = 4; lastKnownFileType = sourcecode.swift; path = CameraRenderer.swift; sourceTree = "<group>"; };
		A46DACE71E847B9100327E3F /* Camera.swift */ = {isa = PBXFileReference; fileEncoding = 4; lastKnownFileType = sourcecode.swift; path = Camera.swift; sourceTree = "<group>"; };
		CE398E841E52925B00500A21 /* OdometryMesh.swift */ = {isa = PBXFileReference; fileEncoding = 4; lastKnownFileType = sourcecode.swift; path = OdometryMesh.swift; sourceTree = "<group>"; };
		CE398E861E5294BE00500A21 /* OdometryRenderer.swift */ = {isa = PBXFileReference; fileEncoding = 4; lastKnownFileType = sourcecode.swift; path = OdometryRenderer.swift; sourceTree = "<group>"; };
		CE398E941E593BC000500A21 /* ParticleRenderer.swift */ = {isa = PBXFileReference; fileEncoding = 4; lastKnownFileType = sourcecode.swift; path = ParticleRenderer.swift; sourceTree = "<group>"; };
		CECD9DA51E6E66B900BDB3E3 /* IsoscelesTriangleMesh.swift */ = {isa = PBXFileReference; fileEncoding = 4; lastKnownFileType = sourcecode.swift; path = IsoscelesTriangleMesh.swift; sourceTree = "<group>"; };
/* End PBXFileReference section */

/* Begin PBXFrameworksBuildPhase section */
		46266FDD1E3C1B60000EA250 /* Frameworks */ = {
			isa = PBXFrameworksBuildPhase;
			buildActionMask = 2147483647;
			files = (
				A4494EA41E7995C100734288 /* libfreenect.a in Frameworks */,
				A4494EA31E7995C100734288 /* libfreenect_sync.a in Frameworks */,
				A4494EA61E799EFE00734288 /* libusb-1.0.a in Frameworks */,
				4633A93B1E5250E600FE6BE5 /* MayAppCommon.framework in Frameworks */,
				463D02741E4463F700D86A6A /* liburg_c.a in Frameworks */,
				46DDED4D1E4183130023B789 /* ORSSerial.framework in Frameworks */,
			);
			runOnlyForDeploymentPostprocessing = 0;
		};
		46266FF51E3C20D1000EA250 /* Frameworks */ = {
			isa = PBXFrameworksBuildPhase;
			buildActionMask = 2147483647;
			files = (
				CE398E881E52A06600500A21 /* MayAppCommon.framework in Frameworks */,
			);
			runOnlyForDeploymentPostprocessing = 0;
		};
		4633A9251E52509100FE6BE5 /* Frameworks */ = {
			isa = PBXFrameworksBuildPhase;
			buildActionMask = 2147483647;
			files = (
			);
			runOnlyForDeploymentPostprocessing = 0;
		};
/* End PBXFrameworksBuildPhase section */

/* Begin PBXGroup section */
		1311EE0B1E6E0C5A0025FE45 /* Pathfinding */ = {
			isa = PBXGroup;
			children = (
				1311EE0E1E6E0C720025FE45 /* aStarPathfinding.swift */,
				1311EE0F1E6E0C720025FE45 /* PathFinding.swift */,
				1311EE101E6E0C720025FE45 /* SwiftPriorityQueue.swift */,
				1311EE111E6E0C720025FE45 /* A_star.metal */,
			);
			name = Pathfinding;
			sourceTree = "<group>";
		};
		46266FD71E3C1B60000EA250 = {
			isa = PBXGroup;
			children = (
				46266FE21E3C1B60000EA250 /* MayApp-macOS */,
				46266FF91E3C20D1000EA250 /* MayApp-iOS */,
				4626700B1E3C233A000EA250 /* MayApp-common */,
				46DDED431E4182D20023B789 /* Frameworks */,
				46266FE11E3C1B60000EA250 /* Products */,
			);
			sourceTree = "<group>";
		};
		46266FE11E3C1B60000EA250 /* Products */ = {
			isa = PBXGroup;
			children = (
				46266FE01E3C1B60000EA250 /* MayApp-macOS.app */,
				46266FF81E3C20D1000EA250 /* MayApp-iOS.app */,
				4633A9291E52509100FE6BE5 /* MayAppCommon.framework */,
			);
			name = Products;
			sourceTree = "<group>";
		};
		46266FE21E3C1B60000EA250 /* MayApp-macOS */ = {
			isa = PBXGroup;
			children = (
				46266FE31E3C1B60000EA250 /* AppDelegate.swift */,
				46266FE51E3C1B60000EA250 /* ViewController.swift */,
				4626700C1E3C2483000EA250 /* ArduinoController.swift */,
				46681C791E47E8500047F6A9 /* LaserController.swift */,
				46657B091E858110006E14C7 /* CameraController.swift */,
				46266FE71E3C1B60000EA250 /* Assets.xcassets */,
				46266FE91E3C1B60000EA250 /* Main.storyboard */,
				46266FEC1E3C1B60000EA250 /* Info.plist */,
				463D02661E4457E100D86A6A /* MayApp_macOS-Bridging-Header.h */,
			);
			name = "MayApp-macOS";
			path = MayApp;
			sourceTree = "<group>";
		};
		46266FF91E3C20D1000EA250 /* MayApp-iOS */ = {
			isa = PBXGroup;
			children = (
				46266FFA1E3C20D1000EA250 /* AppDelegate.swift */,
				46266FFC1E3C20D1000EA250 /* ViewController.swift */,
				469A7FCB1E4A4C4900CC0E69 /* PolarInputView.swift */,
				46266FFE1E3C20D1000EA250 /* Main.storyboard */,
				462670011E3C20D1000EA250 /* Assets.xcassets */,
				462670031E3C20D1000EA250 /* LaunchScreen.storyboard */,
				462670061E3C20D1000EA250 /* Info.plist */,
			);
			path = "MayApp-iOS";
			sourceTree = "<group>";
		};
		4626700B1E3C233A000EA250 /* MayApp-common */ = {
			isa = PBXGroup;
			children = (
				1311EE0B1E6E0C5A0025FE45 /* Pathfinding */,
				13E9DA751E4F9189009F53C3 /* Odometry.swift */,
				463221FA1E5644E0008AF737 /* Pose.swift */,
				460F80BF1E5B4ABF00A23F6F /* Map.swift */,
				A46DACE71E847B9100327E3F /* Camera.swift */,
				460F80C31E5B4CAF00A23F6F /* Laser.swift */,
				465235C21E46B9BB00845931 /* Rendering */,
				465235BF1E46B97300845931 /* Networking */,
				46681C711E47DF860047F6A9 /* MathUtilities.swift */,
				463221FC1E564DA5008AF737 /* Ring.swift */,
				460D33901EA1641C0019A670 /* Pairs.swift */,
				46357E281E96AE8B00DBEE17 /* KDTree */,
				463E72201E98003B00C1ECE6 /* Linear Algebra */,
				4633A92B1E52509200FE6BE5 /* MayAppCommon.h */,
				4633A92C1E52509200FE6BE5 /* Info.plist */,
			);
			name = "MayApp-common";
			path = MayApp;
			sourceTree = "<group>";
		};
		462888321E9B3074009908FF /* Pose */ = {
			isa = PBXGroup;
			children = (
				4628882E1E9B306E009908FF /* PoseRenderer.swift */,
			);
			name = Pose;
			sourceTree = "<group>";
		};
		46357E281E96AE8B00DBEE17 /* KDTree */ = {
			isa = PBXGroup;
			children = (
				46357E181E96AE8500DBEE17 /* CGPoint+KDTreePoint.swift */,
				46357E191E96AE8500DBEE17 /* KDTree.swift */,
				46357E1A1E96AE8500DBEE17 /* KDTree+CustomStringConvertible.swift */,
				46357E1B1E96AE8500DBEE17 /* KDTree+Equatable.swift */,
				46357E1C1E96AE8500DBEE17 /* KDTree+NearestNeighbour.swift */,
				46357E1D1E96AE8500DBEE17 /* KDTree+RangeSearch.swift */,
				46357E1E1E96AE8500DBEE17 /* KDTreePoint.swift */,
			);
			name = KDTree;
			sourceTree = "<group>";
		};
		463D023C1E44577800D86A6A /* urg_library-1.2.0 */ = {
			isa = PBXGroup;
			children = (
				463D02691E4463F700D86A6A /* liburg_c.a */,
				463D026A1E4463F700D86A6A /* urg_connection.h */,
				463D026B1E4463F700D86A6A /* urg_debug.h */,
				463D026C1E4463F700D86A6A /* urg_detect_os.h */,
				463D026D1E4463F700D86A6A /* urg_errno.h */,
				463D026E1E4463F700D86A6A /* urg_ring_buffer.h */,
				463D026F1E4463F700D86A6A /* urg_sensor.h */,
				463D02701E4463F700D86A6A /* urg_serial_utils.h */,
				463D02711E4463F700D86A6A /* urg_serial.h */,
				463D02721E4463F700D86A6A /* urg_tcpclient.h */,
				463D02731E4463F700D86A6A /* urg_utils.h */,
			);
			name = "urg_library-1.2.0";
			path = "Frameworks/url_library-1.2.0";
			sourceTree = "<group>";
		};
		463E72201E98003B00C1ECE6 /* Linear Algebra */ = {
			isa = PBXGroup;
			children = (
				463E721A1E98001A00C1ECE6 /* Matrix.swift */,
				463E721E1E98002D00C1ECE6 /* LinearAlgebra.swift */,
			);
			name = "Linear Algebra";
			sourceTree = "<group>";
		};
		464F28D91E916E2B00CA197B /* Vector Map */ = {
			isa = PBXGroup;
			children = (
				464F28D51E916E2800CA197B /* VectorMapRenderer.swift */,
				46FC43B81E934E4700C84B38 /* VectorMapTypes.swift */,
				464F28DA1E916E9800CA197B /* VectorMapTypes.h */,
				464F28DC1E9179D100CA197B /* VectorMapShaders.metal */,
			);
			name = "Vector Map";
			sourceTree = "<group>";
		};
		465235BF1E46B97300845931 /* Networking */ = {
			isa = PBXGroup;
			children = (
				462670161E3F18FA000EA250 /* Service.swift */,
				46266FF21E3C1EA1000EA250 /* Peer.swift */,
				462670101E3F0512000EA250 /* Messages.swift */,
				462670121E3F0570000EA250 /* Serialization.swift */,
				4643130F1E898E460048FDB4 /* Compression.swift */,
			);
			name = Networking;
			sourceTree = "<group>";
		};
		465235C21E46B9BB00845931 /* Rendering */ = {
			isa = PBXGroup;
			children = (
				465235C61E47BDED00845931 /* Renderer.swift */,
				46C033881E8F43E40043BD30 /* Laser Distance */,
				CE398E841E52925B00500A21 /* OdometryMesh.swift */,
				CE398E861E5294BE00500A21 /* OdometryRenderer.swift */,
				46D440E61E8AF6C2004B96DF /* Curvature */,
				463221F81E555EEB008AF737 /* MapRenderer.swift */,
				464F28D91E916E2B00CA197B /* Vector Map */,
				462888321E9B3074009908FF /* Pose */,
				A46DACE31E847A9200327E3F /* CameraRenderer.swift */,
				46DAD5E81E8DA8A5001ABA1A /* Particle */,
				A40E39E61E8954BA002C143E /* PointCloudRenderer.swift */,
				46DAD5E91E8DA90D001ABA1A /* General Meshes */,
				46BDDCEF1E47CAC200ACC8CC /* Shaders.metal */,
				46BFD52F1E89E0EE00E0C9FB /* ShaderTypes.h */,
				46959D3A1E92C33900D7A5F8 /* TypedMetalBuffer.swift */,
			);
			name = Rendering;
			sourceTree = "<group>";
		};
		46C033881E8F43E40043BD30 /* Laser Distance */ = {
			isa = PBXGroup;
			children = (
				465235C01E46B9B600845931 /* LaserDistanceMesh.swift */,
				465235C41E47BC0100845931 /* LaserDistanceRenderer.swift */,
				46C0338B1E8F441D0043BD30 /* LaserDistanceShaders.metal */,
			);
			name = "Laser Distance";
			sourceTree = "<group>";
		};
		46D440E61E8AF6C2004B96DF /* Curvature */ = {
			isa = PBXGroup;
			children = (
				46D440E01E8AF687004B96DF /* CurvatureRenderer.swift */,
				46D440E71E8B00DD004B96DF /* CurvatureUniforms.h */,
				46D440E41E8AF6B6004B96DF /* CurvatureShaders.metal */,
			);
			name = Curvature;
			sourceTree = "<group>";
		};
		46DAD5E81E8DA8A5001ABA1A /* Particle */ = {
			isa = PBXGroup;
			children = (
				CE398E941E593BC000500A21 /* ParticleRenderer.swift */,
				462888331E9B33F8009908FF /* ParticleTypes.h */,
				46BFD52B1E89DB4C00E0C9FB /* ParticleShaders.metal */,
			);
			name = Particle;
			sourceTree = "<group>";
		};
		46DAD5E91E8DA90D001ABA1A /* General Meshes */ = {
			isa = PBXGroup;
			children = (
				463221FE1E569A7C008AF737 /* SquareMesh.swift */,
				CECD9DA51E6E66B900BDB3E3 /* IsoscelesTriangleMesh.swift */,
				46E20E3E1E91EA5700D67735 /* SectorIndices.swift */,
			);
			name = "General Meshes";
			sourceTree = "<group>";
		};
		46DDED431E4182D20023B789 /* Frameworks */ = {
			isa = PBXGroup;
			children = (
				A4494E9E1E7995A300734288 /* libfreenect */,
				463D023C1E44577800D86A6A /* urg_library-1.2.0 */,
				46DDED441E4182FC0023B789 /* ORSSerialPort.xcodeproj */,
			);
			name = Frameworks;
			sourceTree = "<group>";
		};
		46DDED451E4182FC0023B789 /* Products */ = {
			isa = PBXGroup;
			children = (
				46DDED4A1E4182FC0023B789 /* ORSSerial.framework */,
				46DDED4C1E4182FC0023B789 /* ORSSerialPort Tests.xctest */,
			);
			name = Products;
			sourceTree = "<group>";
		};
		A4494E9E1E7995A300734288 /* libfreenect */ = {
			isa = PBXGroup;
			children = (
				A4494E9F1E7995C100734288 /* libfreenect_sync.a */,
				A4494EA01E7995C100734288 /* libfreenect_sync.h */,
				A4494EA51E799EFE00734288 /* libusb-1.0.a */,
				A4494EA11E7995C100734288 /* libfreenect.a */,
				A4494EA21E7995C100734288 /* libfreenect.h */,
			);
			name = libfreenect;
			sourceTree = "<group>";
		};
/* End PBXGroup section */

/* Begin PBXHeadersBuildPhase section */
		4633A9261E52509100FE6BE5 /* Headers */ = {
			isa = PBXHeadersBuildPhase;
			buildActionMask = 2147483647;
			files = (
				4633A92D1E52509200FE6BE5 /* MayAppCommon.h in Headers */,
				464F28DB1E916F1400CA197B /* VectorMapTypes.h in Headers */,
				462888341E9B33FD009908FF /* ParticleTypes.h in Headers */,
				46781AF91E91F5D600A87B6A /* CurvatureUniforms.h in Headers */,
			);
			runOnlyForDeploymentPostprocessing = 0;
		};
/* End PBXHeadersBuildPhase section */

/* Begin PBXNativeTarget section */
		46266FDF1E3C1B60000EA250 /* MayApp-macOS */ = {
			isa = PBXNativeTarget;
			buildConfigurationList = 46266FEF1E3C1B60000EA250 /* Build configuration list for PBXNativeTarget "MayApp-macOS" */;
			buildPhases = (
				46266FDC1E3C1B60000EA250 /* Sources */,
				46266FDD1E3C1B60000EA250 /* Frameworks */,
				46266FDE1E3C1B60000EA250 /* Resources */,
			);
			buildRules = (
			);
			dependencies = (
			);
			name = "MayApp-macOS";
			productName = MayApp;
			productReference = 46266FE01E3C1B60000EA250 /* MayApp-macOS.app */;
			productType = "com.apple.product-type.application";
		};
		46266FF71E3C20D1000EA250 /* MayApp-iOS */ = {
			isa = PBXNativeTarget;
			buildConfigurationList = 462670071E3C20D1000EA250 /* Build configuration list for PBXNativeTarget "MayApp-iOS" */;
			buildPhases = (
				46266FF41E3C20D1000EA250 /* Sources */,
				46266FF51E3C20D1000EA250 /* Frameworks */,
				46266FF61E3C20D1000EA250 /* Resources */,
				CE398E8C1E52A06600500A21 /* Embed Frameworks */,
			);
			buildRules = (
			);
			dependencies = (
				CE398E8B1E52A06600500A21 /* PBXTargetDependency */,
			);
			name = "MayApp-iOS";
			productName = "MayApp-iOS";
			productReference = 46266FF81E3C20D1000EA250 /* MayApp-iOS.app */;
			productType = "com.apple.product-type.application";
		};
		4633A9281E52509100FE6BE5 /* MayAppCommon */ = {
			isa = PBXNativeTarget;
			buildConfigurationList = 4633A92E1E52509200FE6BE5 /* Build configuration list for PBXNativeTarget "MayAppCommon" */;
			buildPhases = (
				4633A9241E52509100FE6BE5 /* Sources */,
				4633A9251E52509100FE6BE5 /* Frameworks */,
				4633A9261E52509100FE6BE5 /* Headers */,
				4633A9271E52509100FE6BE5 /* Resources */,
			);
			buildRules = (
			);
			dependencies = (
			);
			name = MayAppCommon;
			productName = MayAppCommon;
			productReference = 4633A9291E52509100FE6BE5 /* MayAppCommon.framework */;
			productType = "com.apple.product-type.framework";
		};
/* End PBXNativeTarget section */

/* Begin PBXProject section */
		46266FD81E3C1B60000EA250 /* Project object */ = {
			isa = PBXProject;
			attributes = {
				LastSwiftUpdateCheck = 0820;
				LastUpgradeCheck = 0830;
				ORGANIZATIONNAME = "University of Michigan";
				TargetAttributes = {
					46266FDF1E3C1B60000EA250 = {
						CreatedOnToolsVersion = 8.2;
						DevelopmentTeam = 9C2H8Z8WH5;
						ProvisioningStyle = Automatic;
						SystemCapabilities = {
							com.apple.Sandbox = {
								enabled = 0;
							};
						};
					};
					46266FF71E3C20D1000EA250 = {
						CreatedOnToolsVersion = 8.2;
						DevelopmentTeam = 9C2H8Z8WH5;
						LastSwiftMigration = 0830;
						ProvisioningStyle = Automatic;
					};
					4633A9281E52509100FE6BE5 = {
						CreatedOnToolsVersion = 8.2;
						LastSwiftMigration = 0830;
						ProvisioningStyle = Automatic;
					};
				};
			};
			buildConfigurationList = 46266FDB1E3C1B60000EA250 /* Build configuration list for PBXProject "MayApp" */;
			compatibilityVersion = "Xcode 3.2";
			developmentRegion = English;
			hasScannedForEncodings = 0;
			knownRegions = (
				en,
				Base,
			);
			mainGroup = 46266FD71E3C1B60000EA250;
			productRefGroup = 46266FE11E3C1B60000EA250 /* Products */;
			projectDirPath = "";
			projectReferences = (
				{
					ProductGroup = 46DDED451E4182FC0023B789 /* Products */;
					ProjectRef = 46DDED441E4182FC0023B789 /* ORSSerialPort.xcodeproj */;
				},
			);
			projectRoot = "";
			targets = (
				46266FDF1E3C1B60000EA250 /* MayApp-macOS */,
				46266FF71E3C20D1000EA250 /* MayApp-iOS */,
				4633A9281E52509100FE6BE5 /* MayAppCommon */,
			);
		};
/* End PBXProject section */

/* Begin PBXReferenceProxy section */
		46DDED4A1E4182FC0023B789 /* ORSSerial.framework */ = {
			isa = PBXReferenceProxy;
			fileType = wrapper.framework;
			path = ORSSerial.framework;
			remoteRef = 46DDED491E4182FC0023B789 /* PBXContainerItemProxy */;
			sourceTree = BUILT_PRODUCTS_DIR;
		};
		46DDED4C1E4182FC0023B789 /* ORSSerialPort Tests.xctest */ = {
			isa = PBXReferenceProxy;
			fileType = wrapper.cfbundle;
			path = "ORSSerialPort Tests.xctest";
			remoteRef = 46DDED4B1E4182FC0023B789 /* PBXContainerItemProxy */;
			sourceTree = BUILT_PRODUCTS_DIR;
		};
/* End PBXReferenceProxy section */

/* Begin PBXResourcesBuildPhase section */
		46266FDE1E3C1B60000EA250 /* Resources */ = {
			isa = PBXResourcesBuildPhase;
			buildActionMask = 2147483647;
			files = (
				46266FE81E3C1B60000EA250 /* Assets.xcassets in Resources */,
				46266FEB1E3C1B60000EA250 /* Main.storyboard in Resources */,
			);
			runOnlyForDeploymentPostprocessing = 0;
		};
		46266FF61E3C20D1000EA250 /* Resources */ = {
			isa = PBXResourcesBuildPhase;
			buildActionMask = 2147483647;
			files = (
				462670051E3C20D1000EA250 /* LaunchScreen.storyboard in Resources */,
				462670021E3C20D1000EA250 /* Assets.xcassets in Resources */,
				462670001E3C20D1000EA250 /* Main.storyboard in Resources */,
			);
			runOnlyForDeploymentPostprocessing = 0;
		};
		4633A9271E52509100FE6BE5 /* Resources */ = {
			isa = PBXResourcesBuildPhase;
			buildActionMask = 2147483647;
			files = (
			);
			runOnlyForDeploymentPostprocessing = 0;
		};
/* End PBXResourcesBuildPhase section */

/* Begin PBXSourcesBuildPhase section */
		46266FDC1E3C1B60000EA250 /* Sources */ = {
			isa = PBXSourcesBuildPhase;
			buildActionMask = 2147483647;
			files = (
				46681C7A1E47E8500047F6A9 /* LaserController.swift in Sources */,
				46266FE61E3C1B60000EA250 /* ViewController.swift in Sources */,
				46266FE41E3C1B60000EA250 /* AppDelegate.swift in Sources */,
				4626700D1E3C2483000EA250 /* ArduinoController.swift in Sources */,
				46657B0A1E858110006E14C7 /* CameraController.swift in Sources */,
			);
			runOnlyForDeploymentPostprocessing = 0;
		};
		46266FF41E3C20D1000EA250 /* Sources */ = {
			isa = PBXSourcesBuildPhase;
			buildActionMask = 2147483647;
			files = (
				469A7FCC1E4A4C4900CC0E69 /* PolarInputView.swift in Sources */,
				46266FFD1E3C20D1000EA250 /* ViewController.swift in Sources */,
				46266FFB1E3C20D1000EA250 /* AppDelegate.swift in Sources */,
			);
			runOnlyForDeploymentPostprocessing = 0;
		};
		4633A9241E52509100FE6BE5 /* Sources */ = {
			isa = PBXSourcesBuildPhase;
			buildActionMask = 2147483647;
			files = (
				A46DACED1E848A9D00327E3F /* Camera.swift in Sources */,
				4633A9361E5250A300FE6BE5 /* Shaders.metal in Sources */,
				4633A9391E5250A300FE6BE5 /* Messages.swift in Sources */,
				4633A9381E5250A300FE6BE5 /* Peer.swift in Sources */,
				46959D3B1E92C33900D7A5F8 /* TypedMetalBuffer.swift in Sources */,
				46357E251E96AE8500DBEE17 /* KDTreePoint.swift in Sources */,
				464313101E898E460048FDB4 /* Compression.swift in Sources */,
				4633A9371E5250A300FE6BE5 /* Service.swift in Sources */,
				464F28DD1E9179D100CA197B /* VectorMapShaders.metal in Sources */,
				46357E201E96AE8500DBEE17 /* KDTree.swift in Sources */,
				46357E1F1E96AE8500DBEE17 /* CGPoint+KDTreePoint.swift in Sources */,
				46D440E51E8AF6B6004B96DF /* CurvatureShaders.metal in Sources */,
				46E20E3F1E91EA5700D67735 /* SectorIndices.swift in Sources */,
				463221F91E555EEB008AF737 /* MapRenderer.swift in Sources */,
				46FC43B91E934E4700C84B38 /* VectorMapTypes.swift in Sources */,
				4633A9341E5250A300FE6BE5 /* Renderer.swift in Sources */,
				4633A9351E5250A300FE6BE5 /* MathUtilities.swift in Sources */,
				460D33911EA1641C0019A670 /* Pairs.swift in Sources */,
				463221FD1E564DA5008AF737 /* Ring.swift in Sources */,
				4633A9331E5250A300FE6BE5 /* LaserDistanceRenderer.swift in Sources */,
				A46DACEC1E848A0E00327E3F /* CameraRenderer.swift in Sources */,
				463221FF1E569A7C008AF737 /* SquareMesh.swift in Sources */,
				463221FB1E5644E0008AF737 /* Pose.swift in Sources */,
				460F80C41E5B4CAF00A23F6F /* Laser.swift in Sources */,
				463E721B1E98001A00C1ECE6 /* Matrix.swift in Sources */,
				CE398E871E5294BE00500A21 /* OdometryRenderer.swift in Sources */,
				4633A9311E5250A300FE6BE5 /* Odometry.swift in Sources */,
				4633A93A1E5250A300FE6BE5 /* Serialization.swift in Sources */,
				CE398E851E52925B00500A21 /* OdometryMesh.swift in Sources */,
				464F28D61E916E2800CA197B /* VectorMapRenderer.swift in Sources */,
				A46EDC4A1E89CAFE002C2FCE /* PointCloudRenderer.swift in Sources */,
				46357E211E96AE8500DBEE17 /* KDTree+CustomStringConvertible.swift in Sources */,
				46357E231E96AE8500DBEE17 /* KDTree+NearestNeighbour.swift in Sources */,
				46D440E11E8AF687004B96DF /* CurvatureRenderer.swift in Sources */,
				46357E221E96AE8500DBEE17 /* KDTree+Equatable.swift in Sources */,
				46357E241E96AE8500DBEE17 /* KDTree+RangeSearch.swift in Sources */,
				4633A9321E5250A300FE6BE5 /* LaserDistanceMesh.swift in Sources */,
				46BFD52C1E89DB4C00E0C9FB /* ParticleShaders.metal in Sources */,
				463E721F1E98002D00C1ECE6 /* LinearAlgebra.swift in Sources */,
				460F80C01E5B4ABF00A23F6F /* Map.swift in Sources */,
				4628882F1E9B306E009908FF /* PoseRenderer.swift in Sources */,
				CECD9DA61E6E66B900BDB3E3 /* IsoscelesTriangleMesh.swift in Sources */,
				CE398E951E593BC000500A21 /* ParticleRenderer.swift in Sources */,
				46C0338C1E8F441D0043BD30 /* LaserDistanceShaders.metal in Sources */,
			);
			runOnlyForDeploymentPostprocessing = 0;
		};
/* End PBXSourcesBuildPhase section */

/* Begin PBXTargetDependency section */
		CE398E8B1E52A06600500A21 /* PBXTargetDependency */ = {
			isa = PBXTargetDependency;
			target = 4633A9281E52509100FE6BE5 /* MayAppCommon */;
			targetProxy = CE398E8A1E52A06600500A21 /* PBXContainerItemProxy */;
		};
/* End PBXTargetDependency section */

/* Begin PBXVariantGroup section */
		46266FE91E3C1B60000EA250 /* Main.storyboard */ = {
			isa = PBXVariantGroup;
			children = (
				46266FEA1E3C1B60000EA250 /* Base */,
			);
			name = Main.storyboard;
			sourceTree = "<group>";
		};
		46266FFE1E3C20D1000EA250 /* Main.storyboard */ = {
			isa = PBXVariantGroup;
			children = (
				46266FFF1E3C20D1000EA250 /* Base */,
			);
			name = Main.storyboard;
			sourceTree = "<group>";
		};
		462670031E3C20D1000EA250 /* LaunchScreen.storyboard */ = {
			isa = PBXVariantGroup;
			children = (
				462670041E3C20D1000EA250 /* Base */,
			);
			name = LaunchScreen.storyboard;
			sourceTree = "<group>";
		};
/* End PBXVariantGroup section */

/* Begin XCBuildConfiguration section */
		46266FED1E3C1B60000EA250 /* Debug */ = {
			isa = XCBuildConfiguration;
			buildSettings = {
				ALWAYS_SEARCH_USER_PATHS = NO;
				CLANG_ANALYZER_NONNULL = YES;
				CLANG_CXX_LANGUAGE_STANDARD = "gnu++0x";
				CLANG_CXX_LIBRARY = "libc++";
				CLANG_ENABLE_MODULES = YES;
				CLANG_ENABLE_OBJC_ARC = YES;
				CLANG_WARN_BOOL_CONVERSION = YES;
				CLANG_WARN_CONSTANT_CONVERSION = YES;
				CLANG_WARN_DIRECT_OBJC_ISA_USAGE = YES_ERROR;
				CLANG_WARN_DOCUMENTATION_COMMENTS = YES;
				CLANG_WARN_EMPTY_BODY = YES;
				CLANG_WARN_ENUM_CONVERSION = YES;
				CLANG_WARN_INFINITE_RECURSION = YES;
				CLANG_WARN_INT_CONVERSION = YES;
				CLANG_WARN_OBJC_ROOT_CLASS = YES_ERROR;
				CLANG_WARN_SUSPICIOUS_MOVE = YES;
				CLANG_WARN_UNREACHABLE_CODE = YES;
				CLANG_WARN__DUPLICATE_METHOD_MATCH = YES;
				CODE_SIGN_IDENTITY = "-";
				COPY_PHASE_STRIP = NO;
				DEBUG_INFORMATION_FORMAT = dwarf;
				ENABLE_STRICT_OBJC_MSGSEND = YES;
				ENABLE_TESTABILITY = YES;
				GCC_C_LANGUAGE_STANDARD = gnu99;
				GCC_DYNAMIC_NO_PIC = NO;
				GCC_NO_COMMON_BLOCKS = YES;
				GCC_OPTIMIZATION_LEVEL = 0;
				GCC_PREPROCESSOR_DEFINITIONS = (
					"DEBUG=1",
					"$(inherited)",
				);
				GCC_WARN_64_TO_32_BIT_CONVERSION = YES;
				GCC_WARN_ABOUT_RETURN_TYPE = YES_ERROR;
				GCC_WARN_UNDECLARED_SELECTOR = YES;
				GCC_WARN_UNINITIALIZED_AUTOS = YES_AGGRESSIVE;
				GCC_WARN_UNUSED_FUNCTION = YES;
				GCC_WARN_UNUSED_VARIABLE = YES;
				MACOSX_DEPLOYMENT_TARGET = 10.12;
				MTL_ENABLE_DEBUG_INFO = YES;
				ONLY_ACTIVE_ARCH = YES;
				SDKROOT = macosx;
				SWIFT_ACTIVE_COMPILATION_CONDITIONS = DEBUG;
				SWIFT_OPTIMIZATION_LEVEL = "-Onone";
			};
			name = Debug;
		};
		46266FEE1E3C1B60000EA250 /* Release */ = {
			isa = XCBuildConfiguration;
			buildSettings = {
				ALWAYS_SEARCH_USER_PATHS = NO;
				CLANG_ANALYZER_NONNULL = YES;
				CLANG_CXX_LANGUAGE_STANDARD = "gnu++0x";
				CLANG_CXX_LIBRARY = "libc++";
				CLANG_ENABLE_MODULES = YES;
				CLANG_ENABLE_OBJC_ARC = YES;
				CLANG_WARN_BOOL_CONVERSION = YES;
				CLANG_WARN_CONSTANT_CONVERSION = YES;
				CLANG_WARN_DIRECT_OBJC_ISA_USAGE = YES_ERROR;
				CLANG_WARN_DOCUMENTATION_COMMENTS = YES;
				CLANG_WARN_EMPTY_BODY = YES;
				CLANG_WARN_ENUM_CONVERSION = YES;
				CLANG_WARN_INFINITE_RECURSION = YES;
				CLANG_WARN_INT_CONVERSION = YES;
				CLANG_WARN_OBJC_ROOT_CLASS = YES_ERROR;
				CLANG_WARN_SUSPICIOUS_MOVE = YES;
				CLANG_WARN_UNREACHABLE_CODE = YES;
				CLANG_WARN__DUPLICATE_METHOD_MATCH = YES;
				CODE_SIGN_IDENTITY = "-";
				COPY_PHASE_STRIP = NO;
				DEBUG_INFORMATION_FORMAT = "dwarf-with-dsym";
				ENABLE_NS_ASSERTIONS = NO;
				ENABLE_STRICT_OBJC_MSGSEND = YES;
				GCC_C_LANGUAGE_STANDARD = gnu99;
				GCC_NO_COMMON_BLOCKS = YES;
				GCC_WARN_64_TO_32_BIT_CONVERSION = YES;
				GCC_WARN_ABOUT_RETURN_TYPE = YES_ERROR;
				GCC_WARN_UNDECLARED_SELECTOR = YES;
				GCC_WARN_UNINITIALIZED_AUTOS = YES_AGGRESSIVE;
				GCC_WARN_UNUSED_FUNCTION = YES;
				GCC_WARN_UNUSED_VARIABLE = YES;
				MACOSX_DEPLOYMENT_TARGET = 10.12;
				MTL_ENABLE_DEBUG_INFO = NO;
				SDKROOT = macosx;
				SWIFT_OPTIMIZATION_LEVEL = "-Owholemodule";
			};
			name = Release;
		};
		46266FF01E3C1B60000EA250 /* Debug */ = {
			isa = XCBuildConfiguration;
			buildSettings = {
				ASSETCATALOG_COMPILER_APPICON_NAME = AppIcon;
				CODE_SIGN_ENTITLEMENTS = "";
				CODE_SIGN_IDENTITY = "Mac Developer";
				COMBINE_HIDPI_IMAGES = YES;
				DEVELOPMENT_TEAM = 9C2H8Z8WH5;
				INFOPLIST_FILE = MayApp/Info.plist;
				LD_RUNPATH_SEARCH_PATHS = "$(inherited) @executable_path/../Frameworks";
				LIBRARY_SEARCH_PATHS = (
					"$(inherited)",
					"$(PROJECT_DIR)/Frameworks/urg_library-1.2.0",
					"$(PROJECT_DIR)",
				);
				MACOSX_DEPLOYMENT_TARGET = 10.12;
				PRODUCT_BUNDLE_IDENTIFIER = "com.EECS467.MayApp-macOS";
				PRODUCT_NAME = "$(TARGET_NAME)";
				SWIFT_OBJC_BRIDGING_HEADER = "MayApp/$(PRODUCT_MODULE_NAME)-Bridging-Header.h";
				SWIFT_VERSION = 3.0;
			};
			name = Debug;
		};
		46266FF11E3C1B60000EA250 /* Release */ = {
			isa = XCBuildConfiguration;
			buildSettings = {
				ASSETCATALOG_COMPILER_APPICON_NAME = AppIcon;
				CODE_SIGN_ENTITLEMENTS = "";
				CODE_SIGN_IDENTITY = "Mac Developer";
				COMBINE_HIDPI_IMAGES = YES;
				DEVELOPMENT_TEAM = 9C2H8Z8WH5;
				INFOPLIST_FILE = MayApp/Info.plist;
				LD_RUNPATH_SEARCH_PATHS = "$(inherited) @executable_path/../Frameworks";
				LIBRARY_SEARCH_PATHS = (
					"$(inherited)",
					"$(PROJECT_DIR)/Frameworks/urg_library-1.2.0",
					"$(PROJECT_DIR)",
				);
				MACOSX_DEPLOYMENT_TARGET = 10.12;
				PRODUCT_BUNDLE_IDENTIFIER = "com.EECS467.MayApp-macOS";
				PRODUCT_NAME = "$(TARGET_NAME)";
				SWIFT_OBJC_BRIDGING_HEADER = "MayApp/$(PRODUCT_MODULE_NAME)-Bridging-Header.h";
				SWIFT_VERSION = 3.0;
			};
			name = Release;
		};
		462670081E3C20D1000EA250 /* Debug */ = {
			isa = XCBuildConfiguration;
			buildSettings = {
				ALWAYS_EMBED_SWIFT_STANDARD_LIBRARIES = YES;
				ASSETCATALOG_COMPILER_APPICON_NAME = AppIcon;
				CLANG_ENABLE_MODULES = YES;
				CODE_SIGN_IDENTITY = "iPhone Developer: susanxie123@126.com (T85FUAMJJW)";
				"CODE_SIGN_IDENTITY[sdk=iphoneos*]" = "iPhone Developer";
				DEVELOPMENT_TEAM = 9C2H8Z8WH5;
				FRAMEWORK_SEARCH_PATHS = (
					"$(inherited)",
					"$(PROJECT_DIR)",
				);
				INFOPLIST_FILE = "MayApp-iOS/Info.plist";
				IPHONEOS_DEPLOYMENT_TARGET = 10.2;
				LD_RUNPATH_SEARCH_PATHS = "$(inherited) @executable_path/Frameworks";
				LIBRARY_SEARCH_PATHS = (
					"$(inherited)",
					"$(PROJECT_DIR)",
				);
				OTHER_SWIFT_FLAGS = "-Xfrontend -debug-time-function-bodies";
				PRODUCT_BUNDLE_IDENTIFIER = "com.EECS467car.MayApp-iOS";
				PRODUCT_NAME = "$(TARGET_NAME)";
				SDKROOT = iphoneos;
				SWIFT_OPTIMIZATION_LEVEL = "-Onone";
				SWIFT_VERSION = 3.0;
				TARGETED_DEVICE_FAMILY = "1,2";
			};
			name = Debug;
		};
		462670091E3C20D1000EA250 /* Release */ = {
			isa = XCBuildConfiguration;
			buildSettings = {
				ALWAYS_EMBED_SWIFT_STANDARD_LIBRARIES = YES;
				ASSETCATALOG_COMPILER_APPICON_NAME = AppIcon;
				CLANG_ENABLE_MODULES = YES;
				CODE_SIGN_IDENTITY = "iPhone Developer: susanxie123@126.com (T85FUAMJJW)";
				"CODE_SIGN_IDENTITY[sdk=iphoneos*]" = "iPhone Developer";
				DEVELOPMENT_TEAM = 9C2H8Z8WH5;
				FRAMEWORK_SEARCH_PATHS = (
					"$(inherited)",
					"$(PROJECT_DIR)",
				);
				INFOPLIST_FILE = "MayApp-iOS/Info.plist";
				IPHONEOS_DEPLOYMENT_TARGET = 10.2;
				LD_RUNPATH_SEARCH_PATHS = "$(inherited) @executable_path/Frameworks";
				LIBRARY_SEARCH_PATHS = (
					"$(inherited)",
					"$(PROJECT_DIR)",
				);
				OTHER_SWIFT_FLAGS = "-Xfrontend -debug-time-function-bodies";
				PRODUCT_BUNDLE_IDENTIFIER = "com.EECS467car.MayApp-iOS";
				PRODUCT_NAME = "$(TARGET_NAME)";
				SDKROOT = iphoneos;
				SWIFT_VERSION = 3.0;
				TARGETED_DEVICE_FAMILY = "1,2";
				VALIDATE_PRODUCT = YES;
			};
			name = Release;
		};
		4633A92F1E52509200FE6BE5 /* Debug */ = {
			isa = XCBuildConfiguration;
			buildSettings = {
				CLANG_ENABLE_MODULES = YES;
				CODE_SIGN_IDENTITY = "iPhone Developer: susanxie123@126.com (T85FUAMJJW)";
				"CODE_SIGN_IDENTITY[sdk=iphoneos*]" = "";
				CURRENT_PROJECT_VERSION = 1;
				DEFINES_MODULE = YES;
				DEVELOPMENT_TEAM = "";
				DYLIB_COMPATIBILITY_VERSION = 1;
				DYLIB_CURRENT_VERSION = 1;
				DYLIB_INSTALL_NAME_BASE = "@rpath";
				FRAMEWORK_SEARCH_PATHS = (
					"$(inherited)",
					"$(PROJECT_DIR)",
				);
				INFOPLIST_FILE = MayAppCommon/Info.plist;
				INSTALL_PATH = "$(LOCAL_LIBRARY_DIR)/Frameworks";
				IPHONEOS_DEPLOYMENT_TARGET = 10.2;
				LD_RUNPATH_SEARCH_PATHS = "$(inherited) @executable_path/Frameworks @loader_path/Frameworks";
				MACOSX_DEPLOYMENT_TARGET = 10.12;
				PRODUCT_BUNDLE_IDENTIFIER = com.EECS467.MayAppCommon;
				PRODUCT_NAME = "$(TARGET_NAME)";
				SDKROOT = iphoneos;
				SKIP_INSTALL = YES;
				SUPPORTED_PLATFORMS = "iphonesimulator iphoneos macosx";
				SWIFT_OBJC_BRIDGING_HEADER = "";
				SWIFT_OPTIMIZATION_LEVEL = "-Onone";
				SWIFT_VERSION = 3.0;
				TARGETED_DEVICE_FAMILY = "1,2";
				VERSIONING_SYSTEM = "apple-generic";
				VERSION_INFO_PREFIX = "";
			};
			name = Debug;
		};
		4633A9301E52509200FE6BE5 /* Release */ = {
			isa = XCBuildConfiguration;
			buildSettings = {
				CLANG_ENABLE_MODULES = YES;
				CODE_SIGN_IDENTITY = "iPhone Developer: susanxie123@126.com (T85FUAMJJW)";
				"CODE_SIGN_IDENTITY[sdk=iphoneos*]" = "";
				CURRENT_PROJECT_VERSION = 1;
				DEFINES_MODULE = YES;
				DEVELOPMENT_TEAM = "";
				DYLIB_COMPATIBILITY_VERSION = 1;
				DYLIB_CURRENT_VERSION = 1;
				DYLIB_INSTALL_NAME_BASE = "@rpath";
				FRAMEWORK_SEARCH_PATHS = (
					"$(inherited)",
					"$(PROJECT_DIR)",
				);
				INFOPLIST_FILE = MayAppCommon/Info.plist;
				INSTALL_PATH = "$(LOCAL_LIBRARY_DIR)/Frameworks";
				IPHONEOS_DEPLOYMENT_TARGET = 10.2;
				LD_RUNPATH_SEARCH_PATHS = "$(inherited) @executable_path/Frameworks @loader_path/Frameworks";
				MACOSX_DEPLOYMENT_TARGET = 10.12;
				PRODUCT_BUNDLE_IDENTIFIER = com.EECS467.MayAppCommon;
				PRODUCT_NAME = "$(TARGET_NAME)";
				SDKROOT = iphoneos;
				SKIP_INSTALL = YES;
				SUPPORTED_PLATFORMS = "iphonesimulator iphoneos macosx";
				SWIFT_OBJC_BRIDGING_HEADER = "";
				SWIFT_VERSION = 3.0;
				TARGETED_DEVICE_FAMILY = "1,2";
				VALIDATE_PRODUCT = YES;
				VERSIONING_SYSTEM = "apple-generic";
				VERSION_INFO_PREFIX = "";
			};
			name = Release;
		};
/* End XCBuildConfiguration section */

/* Begin XCConfigurationList section */
		46266FDB1E3C1B60000EA250 /* Build configuration list for PBXProject "MayApp" */ = {
			isa = XCConfigurationList;
			buildConfigurations = (
				46266FED1E3C1B60000EA250 /* Debug */,
				46266FEE1E3C1B60000EA250 /* Release */,
			);
			defaultConfigurationIsVisible = 0;
			defaultConfigurationName = Release;
		};
		46266FEF1E3C1B60000EA250 /* Build configuration list for PBXNativeTarget "MayApp-macOS" */ = {
			isa = XCConfigurationList;
			buildConfigurations = (
				46266FF01E3C1B60000EA250 /* Debug */,
				46266FF11E3C1B60000EA250 /* Release */,
			);
			defaultConfigurationIsVisible = 0;
			defaultConfigurationName = Release;
		};
		462670071E3C20D1000EA250 /* Build configuration list for PBXNativeTarget "MayApp-iOS" */ = {
			isa = XCConfigurationList;
			buildConfigurations = (
				462670081E3C20D1000EA250 /* Debug */,
				462670091E3C20D1000EA250 /* Release */,
			);
			defaultConfigurationIsVisible = 0;
			defaultConfigurationName = Release;
		};
		4633A92E1E52509200FE6BE5 /* Build configuration list for PBXNativeTarget "MayAppCommon" */ = {
			isa = XCConfigurationList;
			buildConfigurations = (
				4633A92F1E52509200FE6BE5 /* Debug */,
				4633A9301E52509200FE6BE5 /* Release */,
			);
			defaultConfigurationIsVisible = 0;
			defaultConfigurationName = Release;
		};
/* End XCConfigurationList section */
	};
	rootObject = 46266FD81E3C1B60000EA250 /* Project object */;
}
